
Microsoft Visual Studio Solution File, Format Version 12.00
# Visual Studio Version 17
VisualStudioVersion = 17.11.35431.28
MinimumVisualStudioVersion = 10.0.40219.1
Project("{FAE04EC0-301F-11D3-BF4B-00C04F79EFBC}") = "vdomgr", "vdomgr.csproj", "{B8C102FE-94B0-4BDD-B633-FA96424122EE}"
EndProject
Global
	GlobalSection(SolutionConfigurationPlatforms) = preSolution
		Debug|Any CPU = Debug|Any CPU
		Release|Any CPU = Release|Any CPU
	EndGlobalSection
	GlobalSection(ProjectConfigurationPlatforms) = postSolution
		{B8C102FE-94B0-4BDD-B633-FA96424122EE}.Debug|Any CPU.ActiveCfg = Debug|Any CPU
		{B8C102FE-94B0-4BDD-B633-FA96424122EE}.Debug|Any CPU.Build.0 = Debug|Any CPU
		{B8C102FE-94B0-4BDD-B633-FA96424122EE}.Release|Any CPU.ActiveCfg = Release|Any CPU
		{B8C102FE-94B0-4BDD-B633-FA96424122EE}.Release|Any CPU.Build.0 = Release|Any CPU
	EndGlobalSection
	GlobalSection(SolutionProperties) = preSolution
		HideSolutionNode = FALSE
	EndGlobalSection
	GlobalSection(ExtensibilityGlobals) = postSolution
		SolutionGuid = {9F000695-471A-40FD-A496-7B9F7EAEE65D}
	EndGlobalSection
EndGlobal
